
Microsoft Visual Studio Solution File, Format Version 12.00
# Visual Studio Version 17
VisualStudioVersion = 17.14.36518.9
MinimumVisualStudioVersion = 10.0.40219.1
Project("{FAE04EC0-301F-11D3-BF4B-00C04F79EFBC}") = "Appointment_Manager", "Appointment_Manager.csproj", "{715BF9FD-E594-4ED1-B85D-55307EC872EE}"
EndProject
Global
	GlobalSection(SolutionConfigurationPlatforms) = preSolution
		Debug|Any CPU = Debug|Any CPU
		Release|Any CPU = Release|Any CPU
	EndGlobalSection
	GlobalSection(ProjectConfigurationPlatforms) = postSolution
		{715BF9FD-E594-4ED1-B85D-55307EC872EE}.Debug|Any CPU.ActiveCfg = Debug|Any CPU
		{715BF9FD-E594-4ED1-B85D-55307EC872EE}.Debug|Any CPU.Build.0 = Debug|Any CPU
		{715BF9FD-E594-4ED1-B85D-55307EC872EE}.Release|Any CPU.ActiveCfg = Release|Any CPU
		{715BF9FD-E594-4ED1-B85D-55307EC872EE}.Release|Any CPU.Build.0 = Release|Any CPU
	EndGlobalSection
	GlobalSection(SolutionProperties) = preSolution
		HideSolutionNode = FALSE
	EndGlobalSection
	GlobalSection(ExtensibilityGlobals) = postSolution
		SolutionGuid = {148D19CD-A364-450F-B715-5EF0D14A5F2F}
	EndGlobalSection
EndGlobal
